
Microsoft Visual Studio Solution File, Format Version 12.00
# Visual Studio Version 16
VisualStudioVersion = 16.0.29926.136
MinimumVisualStudioVersion = 10.0.40219.1
Project("{FAE04EC0-301F-11D3-BF4B-00C04F79EFBC}") = "Domain", "Domain\Domain.csproj", "{B521EC4D-2819-40E6-AC60-928D1245C080}"
EndProject
Project("{FAE04EC0-301F-11D3-BF4B-00C04F79EFBC}") = "Infraestructure.Data", "Infractructure.Data\Infraestructure.Data.csproj", "{D9242ADD-60A1-4374-9DE0-C72FFEF88D27}"
EndProject
Project("{FAE04EC0-301F-11D3-BF4B-00C04F79EFBC}") = "WebApi", "WebApi\WebApi.csproj", "{FE33ADFB-F6CC-486A-8062-787D8D0A934E}"
EndProject
Project("{FAE04EC0-301F-11D3-BF4B-00C04F79EFBC}") = "Domain.Test", "Domain.Test\Domain.Test.csproj", "{20A72B07-47B0-4F42-92DE-4A6516722DF3}"
EndProject
Project("{FAE04EC0-301F-11D3-BF4B-00C04F79EFBC}") = "Infraestructure.Data.Test", "Infraestructure.Data.Test\Infraestructure.Data.Test.csproj", "{423443E2-3CC6-47D6-AA78-4633B0783400}"
EndProject
Global
	GlobalSection(SolutionConfigurationPlatforms) = preSolution
		Debug|Any CPU = Debug|Any CPU
		Release|Any CPU = Release|Any CPU
	EndGlobalSection
	GlobalSection(ProjectConfigurationPlatforms) = postSolution
		{B521EC4D-2819-40E6-AC60-928D1245C080}.Debug|Any CPU.ActiveCfg = Debug|Any CPU
		{B521EC4D-2819-40E6-AC60-928D1245C080}.Debug|Any CPU.Build.0 = Debug|Any CPU
		{B521EC4D-2819-40E6-AC60-928D1245C080}.Release|Any CPU.ActiveCfg = Release|Any CPU
		{B521EC4D-2819-40E6-AC60-928D1245C080}.Release|Any CPU.Build.0 = Release|Any CPU
		{D9242ADD-60A1-4374-9DE0-C72FFEF88D27}.Debug|Any CPU.ActiveCfg = Debug|Any CPU
		{D9242ADD-60A1-4374-9DE0-C72FFEF88D27}.Debug|Any CPU.Build.0 = Debug|Any CPU
		{D9242ADD-60A1-4374-9DE0-C72FFEF88D27}.Release|Any CPU.ActiveCfg = Release|Any CPU
		{D9242ADD-60A1-4374-9DE0-C72FFEF88D27}.Release|Any CPU.Build.0 = Release|Any CPU
		{FE33ADFB-F6CC-486A-8062-787D8D0A934E}.Debug|Any CPU.ActiveCfg = Debug|Any CPU
		{FE33ADFB-F6CC-486A-8062-787D8D0A934E}.Debug|Any CPU.Build.0 = Debug|Any CPU
		{FE33ADFB-F6CC-486A-8062-787D8D0A934E}.Release|Any CPU.ActiveCfg = Release|Any CPU
		{FE33ADFB-F6CC-486A-8062-787D8D0A934E}.Release|Any CPU.Build.0 = Release|Any CPU
		{20A72B07-47B0-4F42-92DE-4A6516722DF3}.Debug|Any CPU.ActiveCfg = Debug|Any CPU
		{20A72B07-47B0-4F42-92DE-4A6516722DF3}.Debug|Any CPU.Build.0 = Debug|Any CPU
		{20A72B07-47B0-4F42-92DE-4A6516722DF3}.Release|Any CPU.ActiveCfg = Release|Any CPU
		{20A72B07-47B0-4F42-92DE-4A6516722DF3}.Release|Any CPU.Build.0 = Release|Any CPU
		{423443E2-3CC6-47D6-AA78-4633B0783400}.Debug|Any CPU.ActiveCfg = Debug|Any CPU
		{423443E2-3CC6-47D6-AA78-4633B0783400}.Debug|Any CPU.Build.0 = Debug|Any CPU
		{423443E2-3CC6-47D6-AA78-4633B0783400}.Release|Any CPU.ActiveCfg = Release|Any CPU
		{423443E2-3CC6-47D6-AA78-4633B0783400}.Release|Any CPU.Build.0 = Release|Any CPU
	EndGlobalSection
	GlobalSection(SolutionProperties) = preSolution
		HideSolutionNode = FALSE
	EndGlobalSection
	GlobalSection(ExtensibilityGlobals) = postSolution
		SolutionGuid = {346FA55A-9F44-4221-99D1-C69C3D551C29}
	EndGlobalSection
EndGlobal
